
Microsoft Visual Studio Solution File, Format Version 12.00
# Visual Studio 15
VisualStudioVersion = 15.0.28307.271
MinimumVisualStudioVersion = 10.0.40219.1
Project("{FAE04EC0-301F-11D3-BF4B-00C04F79EFBC}") = "ASP10", "ASP10\ASP10.csproj", "{67B2C224-8B9A-4E69-92EE-D8583C815A34}"
EndProject
Project("{FAE04EC0-301F-11D3-BF4B-00C04F79EFBC}") = "DataWork", "DataWork\DataWork.csproj", "{D50F3C09-D5E6-47D2-8461-00AA98456D06}"
EndProject
Global
	GlobalSection(SolutionConfigurationPlatforms) = preSolution
		Debug|Any CPU = Debug|Any CPU
		Release|Any CPU = Release|Any CPU
	EndGlobalSection
	GlobalSection(ProjectConfigurationPlatforms) = postSolution
		{67B2C224-8B9A-4E69-92EE-D8583C815A34}.Debug|Any CPU.ActiveCfg = Debug|Any CPU
		{67B2C224-8B9A-4E69-92EE-D8583C815A34}.Debug|Any CPU.Build.0 = Debug|Any CPU
		{67B2C224-8B9A-4E69-92EE-D8583C815A34}.Release|Any CPU.ActiveCfg = Release|Any CPU
		{67B2C224-8B9A-4E69-92EE-D8583C815A34}.Release|Any CPU.Build.0 = Release|Any CPU
		{D50F3C09-D5E6-47D2-8461-00AA98456D06}.Debug|Any CPU.ActiveCfg = Debug|Any CPU
		{D50F3C09-D5E6-47D2-8461-00AA98456D06}.Debug|Any CPU.Build.0 = Debug|Any CPU
		{D50F3C09-D5E6-47D2-8461-00AA98456D06}.Release|Any CPU.ActiveCfg = Release|Any CPU
		{D50F3C09-D5E6-47D2-8461-00AA98456D06}.Release|Any CPU.Build.0 = Release|Any CPU
	EndGlobalSection
	GlobalSection(SolutionProperties) = preSolution
		HideSolutionNode = FALSE
	EndGlobalSection
	GlobalSection(ExtensibilityGlobals) = postSolution
		SolutionGuid = {0F3F53BB-694A-44E7-8D21-AE1FD1DDFF2B}
	EndGlobalSection
EndGlobal
